
Microsoft Visual Studio Solution File, Format Version 12.00
# Visual Studio Version 17
VisualStudioVersion = 17.5.33502.453
MinimumVisualStudioVersion = 10.0.40219.1
Project("{FAE04EC0-301F-11D3-BF4B-00C04F79EFBC}") = "MyXrmToolBoxTool1", "MyXrmToolBoxTool1\MyXrmToolBoxTool1.csproj", "{84CD2A4D-3905-48AC-99FA-3E858AB20FD5}"
EndProject
Global
	GlobalSection(SolutionConfigurationPlatforms) = preSolution
		Debug|Any CPU = Debug|Any CPU
		Release|Any CPU = Release|Any CPU
	EndGlobalSection
	GlobalSection(ProjectConfigurationPlatforms) = postSolution
		{84CD2A4D-3905-48AC-99FA-3E858AB20FD5}.Debug|Any CPU.ActiveCfg = Debug|Any CPU
		{84CD2A4D-3905-48AC-99FA-3E858AB20FD5}.Debug|Any CPU.Build.0 = Debug|Any CPU
		{84CD2A4D-3905-48AC-99FA-3E858AB20FD5}.Release|Any CPU.ActiveCfg = Release|Any CPU
		{84CD2A4D-3905-48AC-99FA-3E858AB20FD5}.Release|Any CPU.Build.0 = Release|Any CPU
	EndGlobalSection
	GlobalSection(SolutionProperties) = preSolution
		HideSolutionNode = FALSE
	EndGlobalSection
	GlobalSection(ExtensibilityGlobals) = postSolution
		SolutionGuid = {80B43A3D-D7DB-4561-B664-FA28277E7EEB}
	EndGlobalSection
EndGlobal
